
Microsoft Visual Studio Solution File, Format Version 12.00
# Visual Studio 15
VisualStudioVersion = 15.0.27428.2011
MinimumVisualStudioVersion = 10.0.40219.1
Project("{FAE04EC0-301F-11D3-BF4B-00C04F79EFBC}") = "SignalRChannelTest", "SignalRChannelTest\SignalRChannelTest.csproj", "{A77A0A0B-F81E-4936-9C02-AAEE0618B5AF}"
EndProject
Global
	GlobalSection(SolutionConfigurationPlatforms) = preSolution
		Debug|Any CPU = Debug|Any CPU
		Release|Any CPU = Release|Any CPU
	EndGlobalSection
	GlobalSection(ProjectConfigurationPlatforms) = postSolution
		{A77A0A0B-F81E-4936-9C02-AAEE0618B5AF}.Debug|Any CPU.ActiveCfg = Debug|Any CPU
		{A77A0A0B-F81E-4936-9C02-AAEE0618B5AF}.Debug|Any CPU.Build.0 = Debug|Any CPU
		{A77A0A0B-F81E-4936-9C02-AAEE0618B5AF}.Release|Any CPU.ActiveCfg = Release|Any CPU
		{A77A0A0B-F81E-4936-9C02-AAEE0618B5AF}.Release|Any CPU.Build.0 = Release|Any CPU
	EndGlobalSection
	GlobalSection(SolutionProperties) = preSolution
		HideSolutionNode = FALSE
	EndGlobalSection
	GlobalSection(ExtensibilityGlobals) = postSolution
		SolutionGuid = {4959217C-9D52-497E-85B1-A6B3A5E4D1C0}
	EndGlobalSection
EndGlobal
