
Microsoft Visual Studio Solution File, Format Version 12.00
# Visual Studio Version 16
VisualStudioVersion = 16.0.28922.388
MinimumVisualStudioVersion = 10.0.40219.1
Project("{FAE04EC0-301F-11D3-BF4B-00C04F79EFBC}") = "CafeLib.Mobile.Core", "CafeLib.Mobile.Core\CafeLib.Mobile.Core.csproj", "{042DA16D-2A48-4AD0-8B23-2EAE14EA926B}"
EndProject
Global
	GlobalSection(SolutionConfigurationPlatforms) = preSolution
		Debug|Any CPU = Debug|Any CPU
		Release|Any CPU = Release|Any CPU
	EndGlobalSection
	GlobalSection(ProjectConfigurationPlatforms) = postSolution
		{042DA16D-2A48-4AD0-8B23-2EAE14EA926B}.Debug|Any CPU.ActiveCfg = Debug|Any CPU
		{042DA16D-2A48-4AD0-8B23-2EAE14EA926B}.Debug|Any CPU.Build.0 = Debug|Any CPU
		{042DA16D-2A48-4AD0-8B23-2EAE14EA926B}.Release|Any CPU.ActiveCfg = Release|Any CPU
		{042DA16D-2A48-4AD0-8B23-2EAE14EA926B}.Release|Any CPU.Build.0 = Release|Any CPU
	EndGlobalSection
	GlobalSection(SolutionProperties) = preSolution
		HideSolutionNode = FALSE
	EndGlobalSection
	GlobalSection(ExtensibilityGlobals) = postSolution
		SolutionGuid = {7940F522-97B0-451B-8CD9-1E853CC8713C}
	EndGlobalSection
EndGlobal
