
Microsoft Visual Studio Solution File, Format Version 12.00
# Visual Studio Version 17
VisualStudioVersion = 17.2.32210.308
MinimumVisualStudioVersion = 10.0.40219.1
Project("{9A19103F-16F7-4668-BE54-9A1E7A4F7556}") = "CafeLib.Blazor", "CafeLib.Blazor\CafeLib.Blazor.csproj", "{23B2F400-DEBC-4BD0-BFE1-0C4EB21A9417}"
EndProject
Project("{9A19103F-16F7-4668-BE54-9A1E7A4F7556}") = "CafeLib.Blazor.UnitTestApp", "CafeLib.Blazor.UnitTestApp\CafeLib.Blazor.UnitTestApp.csproj", "{A133B21A-CDE4-4AA0-BE92-54F41E6EC041}"
EndProject
Global
	GlobalSection(SolutionConfigurationPlatforms) = preSolution
		Debug|Any CPU = Debug|Any CPU
		Release|Any CPU = Release|Any CPU
	EndGlobalSection
	GlobalSection(ProjectConfigurationPlatforms) = postSolution
		{23B2F400-DEBC-4BD0-BFE1-0C4EB21A9417}.Debug|Any CPU.ActiveCfg = Debug|Any CPU
		{23B2F400-DEBC-4BD0-BFE1-0C4EB21A9417}.Debug|Any CPU.Build.0 = Debug|Any CPU
		{23B2F400-DEBC-4BD0-BFE1-0C4EB21A9417}.Release|Any CPU.ActiveCfg = Release|Any CPU
		{23B2F400-DEBC-4BD0-BFE1-0C4EB21A9417}.Release|Any CPU.Build.0 = Release|Any CPU
		{A133B21A-CDE4-4AA0-BE92-54F41E6EC041}.Debug|Any CPU.ActiveCfg = Debug|Any CPU
		{A133B21A-CDE4-4AA0-BE92-54F41E6EC041}.Debug|Any CPU.Build.0 = Debug|Any CPU
		{A133B21A-CDE4-4AA0-BE92-54F41E6EC041}.Release|Any CPU.ActiveCfg = Release|Any CPU
		{A133B21A-CDE4-4AA0-BE92-54F41E6EC041}.Release|Any CPU.Build.0 = Release|Any CPU
	EndGlobalSection
	GlobalSection(SolutionProperties) = preSolution
		HideSolutionNode = FALSE
	EndGlobalSection
	GlobalSection(ExtensibilityGlobals) = postSolution
		SolutionGuid = {9C7C7ADD-DDE2-4D37-B4CF-436FD9DC0ECE}
	EndGlobalSection
EndGlobal
