
Microsoft Visual Studio Solution File, Format Version 12.00
# Visual Studio Version 16
VisualStudioVersion = 16.0.28803.452
MinimumVisualStudioVersion = 10.0.40219.1
Project("{9A19103F-16F7-4668-BE54-9A1E7A4F7556}") = "CafeLib.Core", "CafeLib.Core\CafeLib.Core.csproj", "{706ECC1E-D5D5-4ED0-9CF4-52EB54F5A88F}"
EndProject
Project("{9A19103F-16F7-4668-BE54-9A1E7A4F7556}") = "CafeLib.Core.Runnable", "CafeLib.Core.Runnable\CafeLib.Core.Runnable.csproj", "{29B3EFB9-A93B-4B41-9787-F1E8C4748046}"
EndProject
Project("{9A19103F-16F7-4668-BE54-9A1E7A4F7556}") = "CafeLib.Core.Queueing", "CafeLib.Core.Queueing\CafeLib.Core.Queueing.csproj", "{870091BD-29B6-48D2-A332-859E52190EF1}"
EndProject
Project("{9A19103F-16F7-4668-BE54-9A1E7A4F7556}") = "CafeLib.Core.Messaging", "CafeLib.Core.Messaging\CafeLib.Core.Messaging.csproj", "{CA1D3D92-4ECC-4F00-81E6-5660AA02643B}"
EndProject
Project("{9A19103F-16F7-4668-BE54-9A1E7A4F7556}") = "CafeLib.Core.IoC", "CafeLib.Core.IoC\CafeLib.Core.IoC.csproj", "{077D2BD2-2E71-4601-A4CC-08C31D0469EA}"
EndProject
Project("{9A19103F-16F7-4668-BE54-9A1E7A4F7556}") = "CafeLib.Core.Eventing", "CafeLib.Core.Eventing\CafeLib.Core.Eventing.csproj", "{7D022F67-D087-4706-BE1C-F8EDDE177E6D}"
EndProject
Project("{9A19103F-16F7-4668-BE54-9A1E7A4F7556}") = "CafeLib.Core.Logging", "CafeLib.Core.Logging\CafeLib.Core.Logging.csproj", "{2F1C6641-A895-426E-9A10-108805F5A321}"
EndProject
Project("{9A19103F-16F7-4668-BE54-9A1E7A4F7556}") = "CafeLib.Core.UnitTests", "CafeLib.Core.UnitTests\CafeLib.Core.UnitTests.csproj", "{6D5D76C5-CE70-4EC4-A28E-5B443CBD136E}"
EndProject
Project("{9A19103F-16F7-4668-BE54-9A1E7A4F7556}") = "CafeLib.Core.Caching", "CafeLib.Core.Caching\CafeLib.Core.Caching.csproj", "{68012EB0-CA0C-4895-AC46-561CCA56ECD4}"
EndProject
Project("{9A19103F-16F7-4668-BE54-9A1E7A4F7556}") = "CafeLib.Core.Data", "CafeLib.Core.Data\CafeLib.Core.Data.csproj", "{FDC03064-0BE6-4533-B04C-47E5758E3B0B}"
EndProject
Project("{9A19103F-16F7-4668-BE54-9A1E7A4F7556}") = "CafeLib.Core.Collections", "CafeLib.Core.Collections\CafeLib.Core.Collections.csproj", "{F0EB323C-577C-45C6-BF0E-2BB55F58D4E2}"
EndProject
Project("{9A19103F-16F7-4668-BE54-9A1E7A4F7556}") = "CafeLib.Core.MethodBinding", "CafeLib.Core.MethodBinding\CafeLib.Core.MethodBinding.csproj", "{56DCD949-D855-46AF-9FA7-F522CEEE6007}"
EndProject
Project("{9A19103F-16F7-4668-BE54-9A1E7A4F7556}") = "CafeLib.Core.Dynamic", "CafeLib.Core.Dynamic\CafeLib.Core.Dynamic.csproj", "{2A61BDEE-DC37-485F-A130-ED5472DD4CF8}"
EndProject
Project("{9A19103F-16F7-4668-BE54-9A1E7A4F7556}") = "CafeLib.Core.FileIO", "CafeLib.Core.FileIO\CafeLib.Core.FileIO.csproj", "{221F1A60-EE47-41FB-BD6A-25491F852F2F}"
EndProject
Project("{9A19103F-16F7-4668-BE54-9A1E7A4F7556}") = "CafeLib.Core.Collections.DirectedGraph", "CafeLib.Core.Collections.DirectedGraph\CafeLib.Core.Collections.DirectedGraph.csproj", "{7712E446-F4E0-4FB2-A650-09EFCC8DE28D}"
EndProject
Project("{9A19103F-16F7-4668-BE54-9A1E7A4F7556}") = "CafeLib.Core.Security", "CafeLib.Core.Security\CafeLib.Core.Security.csproj", "{69F1A71E-B39E-479B-A68A-BC1DD6F49B0B}"
EndProject
Project("{9A19103F-16F7-4668-BE54-9A1E7A4F7556}") = "CafeLib.Core.Buffers", "CafeLib.Core.Buffers\CafeLib.Core.Buffers.csproj", "{21256246-FB8E-4418-87FD-693B733D6AE7}"
EndProject
Project("{9A19103F-16F7-4668-BE54-9A1E7A4F7556}") = "CafeLib.Core.Encodings", "CafeLib.Core.Encodings\CafeLib.Core.Encodings.csproj", "{9B070E31-2AEC-42D9-8BB1-F4044CBC3779}"
EndProject
Project("{FAE04EC0-301F-11D3-BF4B-00C04F79EFBC}") = "CafeLib.Core.Numerics", "CafeLib.Core.Numerics\CafeLib.Core.Numerics.csproj", "{F106FD37-0DBC-46B7-A8A9-BE2FAFC3BCAD}"
EndProject
Global
	GlobalSection(SolutionConfigurationPlatforms) = preSolution
		Debug|Any CPU = Debug|Any CPU
		Release|Any CPU = Release|Any CPU
	EndGlobalSection
	GlobalSection(ProjectConfigurationPlatforms) = postSolution
		{706ECC1E-D5D5-4ED0-9CF4-52EB54F5A88F}.Debug|Any CPU.ActiveCfg = Debug|Any CPU
		{706ECC1E-D5D5-4ED0-9CF4-52EB54F5A88F}.Debug|Any CPU.Build.0 = Debug|Any CPU
		{706ECC1E-D5D5-4ED0-9CF4-52EB54F5A88F}.Release|Any CPU.ActiveCfg = Release|Any CPU
		{706ECC1E-D5D5-4ED0-9CF4-52EB54F5A88F}.Release|Any CPU.Build.0 = Release|Any CPU
		{29B3EFB9-A93B-4B41-9787-F1E8C4748046}.Debug|Any CPU.ActiveCfg = Debug|Any CPU
		{29B3EFB9-A93B-4B41-9787-F1E8C4748046}.Debug|Any CPU.Build.0 = Debug|Any CPU
		{29B3EFB9-A93B-4B41-9787-F1E8C4748046}.Release|Any CPU.ActiveCfg = Release|Any CPU
		{29B3EFB9-A93B-4B41-9787-F1E8C4748046}.Release|Any CPU.Build.0 = Release|Any CPU
		{870091BD-29B6-48D2-A332-859E52190EF1}.Debug|Any CPU.ActiveCfg = Debug|Any CPU
		{870091BD-29B6-48D2-A332-859E52190EF1}.Debug|Any CPU.Build.0 = Debug|Any CPU
		{870091BD-29B6-48D2-A332-859E52190EF1}.Release|Any CPU.ActiveCfg = Release|Any CPU
		{870091BD-29B6-48D2-A332-859E52190EF1}.Release|Any CPU.Build.0 = Release|Any CPU
		{CA1D3D92-4ECC-4F00-81E6-5660AA02643B}.Debug|Any CPU.ActiveCfg = Debug|Any CPU
		{CA1D3D92-4ECC-4F00-81E6-5660AA02643B}.Debug|Any CPU.Build.0 = Debug|Any CPU
		{CA1D3D92-4ECC-4F00-81E6-5660AA02643B}.Release|Any CPU.ActiveCfg = Release|Any CPU
		{CA1D3D92-4ECC-4F00-81E6-5660AA02643B}.Release|Any CPU.Build.0 = Release|Any CPU
		{077D2BD2-2E71-4601-A4CC-08C31D0469EA}.Debug|Any CPU.ActiveCfg = Debug|Any CPU
		{077D2BD2-2E71-4601-A4CC-08C31D0469EA}.Debug|Any CPU.Build.0 = Debug|Any CPU
		{077D2BD2-2E71-4601-A4CC-08C31D0469EA}.Release|Any CPU.ActiveCfg = Release|Any CPU
		{077D2BD2-2E71-4601-A4CC-08C31D0469EA}.Release|Any CPU.Build.0 = Release|Any CPU
		{7D022F67-D087-4706-BE1C-F8EDDE177E6D}.Debug|Any CPU.ActiveCfg = Debug|Any CPU
		{7D022F67-D087-4706-BE1C-F8EDDE177E6D}.Debug|Any CPU.Build.0 = Debug|Any CPU
		{7D022F67-D087-4706-BE1C-F8EDDE177E6D}.Release|Any CPU.ActiveCfg = Release|Any CPU
		{7D022F67-D087-4706-BE1C-F8EDDE177E6D}.Release|Any CPU.Build.0 = Release|Any CPU
		{2F1C6641-A895-426E-9A10-108805F5A321}.Debug|Any CPU.ActiveCfg = Debug|Any CPU
		{2F1C6641-A895-426E-9A10-108805F5A321}.Debug|Any CPU.Build.0 = Debug|Any CPU
		{2F1C6641-A895-426E-9A10-108805F5A321}.Release|Any CPU.ActiveCfg = Release|Any CPU
		{2F1C6641-A895-426E-9A10-108805F5A321}.Release|Any CPU.Build.0 = Release|Any CPU
		{6D5D76C5-CE70-4EC4-A28E-5B443CBD136E}.Debug|Any CPU.ActiveCfg = Debug|Any CPU
		{6D5D76C5-CE70-4EC4-A28E-5B443CBD136E}.Debug|Any CPU.Build.0 = Debug|Any CPU
		{6D5D76C5-CE70-4EC4-A28E-5B443CBD136E}.Release|Any CPU.ActiveCfg = Release|Any CPU
		{6D5D76C5-CE70-4EC4-A28E-5B443CBD136E}.Release|Any CPU.Build.0 = Release|Any CPU
		{68012EB0-CA0C-4895-AC46-561CCA56ECD4}.Debug|Any CPU.ActiveCfg = Debug|Any CPU
		{68012EB0-CA0C-4895-AC46-561CCA56ECD4}.Debug|Any CPU.Build.0 = Debug|Any CPU
		{68012EB0-CA0C-4895-AC46-561CCA56ECD4}.Release|Any CPU.ActiveCfg = Release|Any CPU
		{68012EB0-CA0C-4895-AC46-561CCA56ECD4}.Release|Any CPU.Build.0 = Release|Any CPU
		{FDC03064-0BE6-4533-B04C-47E5758E3B0B}.Debug|Any CPU.ActiveCfg = Debug|Any CPU
		{FDC03064-0BE6-4533-B04C-47E5758E3B0B}.Debug|Any CPU.Build.0 = Debug|Any CPU
		{FDC03064-0BE6-4533-B04C-47E5758E3B0B}.Release|Any CPU.ActiveCfg = Release|Any CPU
		{FDC03064-0BE6-4533-B04C-47E5758E3B0B}.Release|Any CPU.Build.0 = Release|Any CPU
		{F0EB323C-577C-45C6-BF0E-2BB55F58D4E2}.Debug|Any CPU.ActiveCfg = Debug|Any CPU
		{F0EB323C-577C-45C6-BF0E-2BB55F58D4E2}.Debug|Any CPU.Build.0 = Debug|Any CPU
		{F0EB323C-577C-45C6-BF0E-2BB55F58D4E2}.Release|Any CPU.ActiveCfg = Release|Any CPU
		{F0EB323C-577C-45C6-BF0E-2BB55F58D4E2}.Release|Any CPU.Build.0 = Release|Any CPU
		{56DCD949-D855-46AF-9FA7-F522CEEE6007}.Debug|Any CPU.ActiveCfg = Debug|Any CPU
		{56DCD949-D855-46AF-9FA7-F522CEEE6007}.Debug|Any CPU.Build.0 = Debug|Any CPU
		{56DCD949-D855-46AF-9FA7-F522CEEE6007}.Release|Any CPU.ActiveCfg = Release|Any CPU
		{56DCD949-D855-46AF-9FA7-F522CEEE6007}.Release|Any CPU.Build.0 = Release|Any CPU
		{2A61BDEE-DC37-485F-A130-ED5472DD4CF8}.Debug|Any CPU.ActiveCfg = Debug|Any CPU
		{2A61BDEE-DC37-485F-A130-ED5472DD4CF8}.Debug|Any CPU.Build.0 = Debug|Any CPU
		{2A61BDEE-DC37-485F-A130-ED5472DD4CF8}.Release|Any CPU.ActiveCfg = Release|Any CPU
		{2A61BDEE-DC37-485F-A130-ED5472DD4CF8}.Release|Any CPU.Build.0 = Release|Any CPU
		{221F1A60-EE47-41FB-BD6A-25491F852F2F}.Debug|Any CPU.ActiveCfg = Debug|Any CPU
		{221F1A60-EE47-41FB-BD6A-25491F852F2F}.Debug|Any CPU.Build.0 = Debug|Any CPU
		{221F1A60-EE47-41FB-BD6A-25491F852F2F}.Release|Any CPU.ActiveCfg = Release|Any CPU
		{221F1A60-EE47-41FB-BD6A-25491F852F2F}.Release|Any CPU.Build.0 = Release|Any CPU
		{7712E446-F4E0-4FB2-A650-09EFCC8DE28D}.Debug|Any CPU.ActiveCfg = Debug|Any CPU
		{7712E446-F4E0-4FB2-A650-09EFCC8DE28D}.Debug|Any CPU.Build.0 = Debug|Any CPU
		{7712E446-F4E0-4FB2-A650-09EFCC8DE28D}.Release|Any CPU.ActiveCfg = Release|Any CPU
		{7712E446-F4E0-4FB2-A650-09EFCC8DE28D}.Release|Any CPU.Build.0 = Release|Any CPU
		{69F1A71E-B39E-479B-A68A-BC1DD6F49B0B}.Debug|Any CPU.ActiveCfg = Debug|Any CPU
		{69F1A71E-B39E-479B-A68A-BC1DD6F49B0B}.Debug|Any CPU.Build.0 = Debug|Any CPU
		{69F1A71E-B39E-479B-A68A-BC1DD6F49B0B}.Release|Any CPU.ActiveCfg = Release|Any CPU
		{69F1A71E-B39E-479B-A68A-BC1DD6F49B0B}.Release|Any CPU.Build.0 = Release|Any CPU
		{21256246-FB8E-4418-87FD-693B733D6AE7}.Debug|Any CPU.ActiveCfg = Debug|Any CPU
		{21256246-FB8E-4418-87FD-693B733D6AE7}.Debug|Any CPU.Build.0 = Debug|Any CPU
		{21256246-FB8E-4418-87FD-693B733D6AE7}.Release|Any CPU.ActiveCfg = Release|Any CPU
		{21256246-FB8E-4418-87FD-693B733D6AE7}.Release|Any CPU.Build.0 = Release|Any CPU
		{9B070E31-2AEC-42D9-8BB1-F4044CBC3779}.Debug|Any CPU.ActiveCfg = Debug|Any CPU
		{9B070E31-2AEC-42D9-8BB1-F4044CBC3779}.Debug|Any CPU.Build.0 = Debug|Any CPU
		{9B070E31-2AEC-42D9-8BB1-F4044CBC3779}.Release|Any CPU.ActiveCfg = Release|Any CPU
		{9B070E31-2AEC-42D9-8BB1-F4044CBC3779}.Release|Any CPU.Build.0 = Release|Any CPU
		{F106FD37-0DBC-46B7-A8A9-BE2FAFC3BCAD}.Debug|Any CPU.ActiveCfg = Debug|Any CPU
		{F106FD37-0DBC-46B7-A8A9-BE2FAFC3BCAD}.Debug|Any CPU.Build.0 = Debug|Any CPU
		{F106FD37-0DBC-46B7-A8A9-BE2FAFC3BCAD}.Release|Any CPU.ActiveCfg = Release|Any CPU
		{F106FD37-0DBC-46B7-A8A9-BE2FAFC3BCAD}.Release|Any CPU.Build.0 = Release|Any CPU
	EndGlobalSection
	GlobalSection(SolutionProperties) = preSolution
		HideSolutionNode = FALSE
	EndGlobalSection
	GlobalSection(ExtensibilityGlobals) = postSolution
		SolutionGuid = {216FDC49-DDC2-4FEE-A26C-1BE6EE4FCAE7}
	EndGlobalSection
EndGlobal
