
Microsoft Visual Studio Solution File, Format Version 12.00
# Visual Studio Version 16
VisualStudioVersion = 16.0.28803.452
MinimumVisualStudioVersion = 10.0.40219.1
Project("{9A19103F-16F7-4668-BE54-9A1E7A4F7556}") = "CafeLib.Authorization.Identity", "CafeLib.Authorization.Identity\CafeLib.Authorization.Identity.csproj", "{4CED276E-02C3-4C34-99C5-07806EE80D75}"
EndProject
Project("{9A19103F-16F7-4668-BE54-9A1E7A4F7556}") = "CafeLib.Authorization.Tokens", "CafeLib.Authorization.Tokens\CafeLib.Authorization.Tokens.csproj", "{C792AF6A-89D6-4C7A-B0D5-54C0B963B399}"
EndProject
Project("{9A19103F-16F7-4668-BE54-9A1E7A4F7556}") = "CafeLib.Authorization.UnitTests", "CafeLib.Authorization.UnitTests\CafeLib.Authorization.UnitTests.csproj", "{F29F2B90-D54B-403E-8A8D-DC924F1A49E3}"
EndProject
Project("{9A19103F-16F7-4668-BE54-9A1E7A4F7556}") = "CafeLib.Authorization.Hash", "CafeLib.Authorization.Hash\CafeLib.Authorization.Hash.csproj", "{C816A247-533F-458F-90E3-370B191F663B}"
EndProject
Global
	GlobalSection(SolutionConfigurationPlatforms) = preSolution
		Debug|Any CPU = Debug|Any CPU
		Release|Any CPU = Release|Any CPU
	EndGlobalSection
	GlobalSection(ProjectConfigurationPlatforms) = postSolution
		{4CED276E-02C3-4C34-99C5-07806EE80D75}.Debug|Any CPU.ActiveCfg = Debug|Any CPU
		{4CED276E-02C3-4C34-99C5-07806EE80D75}.Debug|Any CPU.Build.0 = Debug|Any CPU
		{4CED276E-02C3-4C34-99C5-07806EE80D75}.Release|Any CPU.ActiveCfg = Release|Any CPU
		{4CED276E-02C3-4C34-99C5-07806EE80D75}.Release|Any CPU.Build.0 = Release|Any CPU
		{C792AF6A-89D6-4C7A-B0D5-54C0B963B399}.Debug|Any CPU.ActiveCfg = Debug|Any CPU
		{C792AF6A-89D6-4C7A-B0D5-54C0B963B399}.Debug|Any CPU.Build.0 = Debug|Any CPU
		{C792AF6A-89D6-4C7A-B0D5-54C0B963B399}.Release|Any CPU.ActiveCfg = Release|Any CPU
		{C792AF6A-89D6-4C7A-B0D5-54C0B963B399}.Release|Any CPU.Build.0 = Release|Any CPU
		{F29F2B90-D54B-403E-8A8D-DC924F1A49E3}.Debug|Any CPU.ActiveCfg = Debug|Any CPU
		{F29F2B90-D54B-403E-8A8D-DC924F1A49E3}.Debug|Any CPU.Build.0 = Debug|Any CPU
		{F29F2B90-D54B-403E-8A8D-DC924F1A49E3}.Release|Any CPU.ActiveCfg = Release|Any CPU
		{F29F2B90-D54B-403E-8A8D-DC924F1A49E3}.Release|Any CPU.Build.0 = Release|Any CPU
		{C816A247-533F-458F-90E3-370B191F663B}.Debug|Any CPU.ActiveCfg = Debug|Any CPU
		{C816A247-533F-458F-90E3-370B191F663B}.Debug|Any CPU.Build.0 = Debug|Any CPU
		{C816A247-533F-458F-90E3-370B191F663B}.Release|Any CPU.ActiveCfg = Release|Any CPU
		{C816A247-533F-458F-90E3-370B191F663B}.Release|Any CPU.Build.0 = Release|Any CPU
	EndGlobalSection
	GlobalSection(SolutionProperties) = preSolution
		HideSolutionNode = FALSE
	EndGlobalSection
	GlobalSection(ExtensibilityGlobals) = postSolution
		SolutionGuid = {216FDC49-DDC2-4FEE-A26C-1BE6EE4FCAE7}
	EndGlobalSection
EndGlobal
