
Microsoft Visual Studio Solution File, Format Version 12.00
# Visual Studio Version 16
VisualStudioVersion = 16.0.30804.86
MinimumVisualStudioVersion = 10.0.40219.1
Project("{9A19103F-16F7-4668-BE54-9A1E7A4F7556}") = "CafeLib.KafkaSharp", "CafeLib.KafkaSharp\CafeLib.KafkaSharp.csproj", "{FFA61DA3-06F8-4D25-9623-53B6E43FEE79}"
EndProject
Project("{FAE04EC0-301F-11D3-BF4B-00C04F79EFBC}") = "CafeLib.KafkaSharpTests.UnitTests", "CafeLib.KafkaSharpTests.UnitTests\CafeLib.KafkaSharpTests.UnitTests.csproj", "{8CF08B71-5139-4041-9F03-2E0F4BBA3352}"
EndProject
Global
	GlobalSection(SolutionConfigurationPlatforms) = preSolution
		Debug|Any CPU = Debug|Any CPU
		Release|Any CPU = Release|Any CPU
	EndGlobalSection
	GlobalSection(ProjectConfigurationPlatforms) = postSolution
		{FFA61DA3-06F8-4D25-9623-53B6E43FEE79}.Debug|Any CPU.ActiveCfg = Debug|Any CPU
		{FFA61DA3-06F8-4D25-9623-53B6E43FEE79}.Debug|Any CPU.Build.0 = Debug|Any CPU
		{FFA61DA3-06F8-4D25-9623-53B6E43FEE79}.Release|Any CPU.ActiveCfg = Release|Any CPU
		{FFA61DA3-06F8-4D25-9623-53B6E43FEE79}.Release|Any CPU.Build.0 = Release|Any CPU
		{8CF08B71-5139-4041-9F03-2E0F4BBA3352}.Debug|Any CPU.ActiveCfg = Debug|Any CPU
		{8CF08B71-5139-4041-9F03-2E0F4BBA3352}.Debug|Any CPU.Build.0 = Debug|Any CPU
		{8CF08B71-5139-4041-9F03-2E0F4BBA3352}.Release|Any CPU.ActiveCfg = Release|Any CPU
		{8CF08B71-5139-4041-9F03-2E0F4BBA3352}.Release|Any CPU.Build.0 = Release|Any CPU
	EndGlobalSection
	GlobalSection(SolutionProperties) = preSolution
		HideSolutionNode = FALSE
	EndGlobalSection
	GlobalSection(ExtensibilityGlobals) = postSolution
		SolutionGuid = {EE1B0F8B-8EDC-43EC-8E09-574A04A60F88}
	EndGlobalSection
EndGlobal
