
Microsoft Visual Studio Solution File, Format Version 12.00
# Visual Studio Version 16
VisualStudioVersion = 16.0.31605.320
MinimumVisualStudioVersion = 10.0.40219.1
Project("{FAE04EC0-301F-11D3-BF4B-00C04F79EFBC}") = "CafeLib.Cryptography", "CafeLib.Cryptography\CafeLib.Cryptography.csproj", "{C7D810F7-7FDD-4573-8B33-7E52C67857F3}"
EndProject
Project("{FAE04EC0-301F-11D3-BF4B-00C04F79EFBC}") = "CafeLib.BouncyCastle", "CafeLib.BouncyCastle\CafeLib.BouncyCastle.csproj", "{9161054C-38C6-49B2-9458-747EEC43116A}"
EndProject
Global
	GlobalSection(SolutionConfigurationPlatforms) = preSolution
		Debug|Any CPU = Debug|Any CPU
		Release|Any CPU = Release|Any CPU
	EndGlobalSection
	GlobalSection(ProjectConfigurationPlatforms) = postSolution
		{C7D810F7-7FDD-4573-8B33-7E52C67857F3}.Debug|Any CPU.ActiveCfg = Debug|Any CPU
		{C7D810F7-7FDD-4573-8B33-7E52C67857F3}.Debug|Any CPU.Build.0 = Debug|Any CPU
		{C7D810F7-7FDD-4573-8B33-7E52C67857F3}.Release|Any CPU.ActiveCfg = Release|Any CPU
		{C7D810F7-7FDD-4573-8B33-7E52C67857F3}.Release|Any CPU.Build.0 = Release|Any CPU
		{9161054C-38C6-49B2-9458-747EEC43116A}.Debug|Any CPU.ActiveCfg = Debug|Any CPU
		{9161054C-38C6-49B2-9458-747EEC43116A}.Debug|Any CPU.Build.0 = Debug|Any CPU
		{9161054C-38C6-49B2-9458-747EEC43116A}.Release|Any CPU.ActiveCfg = Release|Any CPU
		{9161054C-38C6-49B2-9458-747EEC43116A}.Release|Any CPU.Build.0 = Release|Any CPU
	EndGlobalSection
	GlobalSection(SolutionProperties) = preSolution
		HideSolutionNode = FALSE
	EndGlobalSection
	GlobalSection(ExtensibilityGlobals) = postSolution
		SolutionGuid = {9BB452BF-A6EE-4700-9206-E538ABE2DAE5}
	EndGlobalSection
EndGlobal
